<?xml version="1.0" encoding="utf-8"?>
<Project ToolsVersion="4.0" xmlns="http://schemas.microsoft.com/developer/msbuild/2003">
  <ItemGroup>
    <Filter Include="events">
      <UniqueIdentifier>{5A9D08FC-463F-33D2-2FFA-46261B3BBA22}</UniqueIdentifier>
    </Filter>
    <Filter Include="inc">
      <UniqueIdentifier>{1F80880B-8B89-887C-1405-9F7C800D947C}</UniqueIdentifier>
    </Filter>
    <Filter Include="src">
      <UniqueIdentifier>{2DAB880B-99B4-887C-2230-9F7C8E38947C}</UniqueIdentifier>
    </Filter>
    <Filter Include="vendor">
      <UniqueIdentifier>{B3738122-9F15-ACF8-88D0-BF4C74113349}</UniqueIdentifier>
    </Filter>
    <Filter Include="vendor\GLFW">
      <UniqueIdentifier>{D27667C1-3E2C-E0B6-C720-DA8D33D5D6BA}</UniqueIdentifier>
    </Filter>
    <Filter Include="vendor\GLFW\deps">
      <UniqueIdentifier>{2D9CE7E7-1995-063A-42C7-EBBE2E1FE645}</UniqueIdentifier>
    </Filter>
    <Filter Include="vendor\GLFW\deps\KHR">
      <UniqueIdentifier>{21F99E8D-0D88-2857-B6A6-3C52A21439FD}</UniqueIdentifier>
    </Filter>
    <Filter Include="vendor\GLFW\deps\glad">
      <UniqueIdentifier>{54138E41-C07F-493C-8973-E199F59E6BA4}</UniqueIdentifier>
    </Filter>
    <Filter Include="vendor\GLFW\deps\mingw">
      <UniqueIdentifier>{DEA3BB73-CA9D-E4C5-B30A-7BD69FA34A32}</UniqueIdentifier>
    </Filter>
    <Filter Include="vendor\GLFW\deps\vs2008">
      <UniqueIdentifier>{AFA8C100-1BE0-0998-24EA-6DBB90A03091}</UniqueIdentifier>
    </Filter>
    <Filter Include="vendor\GLFW\deps\vulkan">
      <UniqueIdentifier>{2DA90601-99E0-4E98-A2EA-B2BB0EA17591}</UniqueIdentifier>
    </Filter>
    <Filter Include="vendor\GLFW\include">
      <UniqueIdentifier>{45501F1D-B1B1-FC2A-3A1F-43DDA67F33EA}</UniqueIdentifier>
    </Filter>
    <Filter Include="vendor\GLFW\include\GLFW">
      <UniqueIdentifier>{A4FE9F69-9023-EFE9-B96E-D479A5F2ED07}</UniqueIdentifier>
    </Filter>
    <Filter Include="vendor\GLFW\src">
      <UniqueIdentifier>{E94D2683-55D9-9347-5EEA-163CCAF4EF47}</UniqueIdentifier>
    </Filter>
    <Filter Include="platform">
      <UniqueIdentifier>{132d3994-f832-41cd-a4d1-4308f1b1b0da}</UniqueIdentifier>
    </Filter>
    <Filter Include="platform\windows">
      <UniqueIdentifier>{0a4be7c8-2290-41bb-bace-bd64ec6bfcd2}</UniqueIdentifier>
    </Filter>
    <Filter Include="common">
      <UniqueIdentifier>{0afc55c7-ff31-44aa-916b-da73aa7c81c8}</UniqueIdentifier>
    </Filter>
    <Filter Include="common\inc">
      <UniqueIdentifier>{798aeb13-1808-4987-adda-5c9616233b02}</UniqueIdentifier>
    </Filter>
  </ItemGroup>
  <ItemGroup>
    <ClInclude Include="events\ApplicationEvent.h">
      <Filter>events</Filter>
    </ClInclude>
    <ClInclude Include="events\Event.h">
      <Filter>events</Filter>
    </ClInclude>
    <ClInclude Include="events\KeyEvent.h">
      <Filter>events</Filter>
    </ClInclude>
    <ClInclude Include="events\MouseEvent.h">
      <Filter>events</Filter>
    </ClInclude>
    <ClInclude Include="inc\Core.h">
      <Filter>inc</Filter>
    </ClInclude>
    <ClInclude Include="inc\Engine.h">
      <Filter>inc</Filter>
    </ClInclude>
    <ClInclude Include="inc\EntryPoint.h">
      <Filter>inc</Filter>
    </ClInclude>
    <ClInclude Include="vendor\GLFW\deps\KHR\khrplatform.h">
      <Filter>vendor\GLFW\deps\KHR</Filter>
    </ClInclude>
    <ClInclude Include="vendor\GLFW\deps\getopt.h">
      <Filter>vendor\GLFW\deps</Filter>
    </ClInclude>
    <ClInclude Include="vendor\GLFW\deps\glad\glad.h">
      <Filter>vendor\GLFW\deps\glad</Filter>
    </ClInclude>
    <ClInclude Include="vendor\GLFW\deps\linmath.h">
      <Filter>vendor\GLFW\deps</Filter>
    </ClInclude>
    <ClInclude Include="vendor\GLFW\deps\mingw\_mingw_dxhelper.h">
      <Filter>vendor\GLFW\deps\mingw</Filter>
    </ClInclude>
    <ClInclude Include="vendor\GLFW\deps\mingw\dinput.h">
      <Filter>vendor\GLFW\deps\mingw</Filter>
    </ClInclude>
    <ClInclude Include="vendor\GLFW\deps\mingw\xinput.h">
      <Filter>vendor\GLFW\deps\mingw</Filter>
    </ClInclude>
    <ClInclude Include="vendor\GLFW\deps\nuklear.h">
      <Filter>vendor\GLFW\deps</Filter>
    </ClInclude>
    <ClInclude Include="vendor\GLFW\deps\nuklear_glfw_gl2.h">
      <Filter>vendor\GLFW\deps</Filter>
    </ClInclude>
    <ClInclude Include="vendor\GLFW\deps\stb_image_write.h">
      <Filter>vendor\GLFW\deps</Filter>
    </ClInclude>
    <ClInclude Include="vendor\GLFW\deps\tinycthread.h">
      <Filter>vendor\GLFW\deps</Filter>
    </ClInclude>
    <ClInclude Include="vendor\GLFW\deps\vs2008\stdint.h">
      <Filter>vendor\GLFW\deps\vs2008</Filter>
    </ClInclude>
    <ClInclude Include="vendor\GLFW\deps\vulkan\vk_platform.h">
      <Filter>vendor\GLFW\deps\vulkan</Filter>
    </ClInclude>
    <ClInclude Include="vendor\GLFW\deps\vulkan\vulkan.h">
      <Filter>vendor\GLFW\deps\vulkan</Filter>
    </ClInclude>
    <ClInclude Include="vendor\GLFW\deps\vulkan\vulkan_core.h">
      <Filter>vendor\GLFW\deps\vulkan</Filter>
    </ClInclude>
    <ClInclude Include="vendor\GLFW\include\GLFW\glfw3.h">
      <Filter>vendor\GLFW\include\GLFW</Filter>
    </ClInclude>
    <ClInclude Include="vendor\GLFW\include\GLFW\glfw3native.h">
      <Filter>vendor\GLFW\include\GLFW</Filter>
    </ClInclude>
    <ClInclude Include="vendor\GLFW\src\cocoa_joystick.h">
      <Filter>vendor\GLFW\src</Filter>
    </ClInclude>
    <ClInclude Include="vendor\GLFW\src\cocoa_platform.h">
      <Filter>vendor\GLFW\src</Filter>
    </ClInclude>
    <ClInclude Include="vendor\GLFW\src\egl_context.h">
      <Filter>vendor\GLFW\src</Filter>
    </ClInclude>
    <ClInclude Include="vendor\GLFW\src\glx_context.h">
      <Filter>vendor\GLFW\src</Filter>
    </ClInclude>
    <ClInclude Include="vendor\GLFW\src\internal.h">
      <Filter>vendor\GLFW\src</Filter>
    </ClInclude>
    <ClInclude Include="vendor\GLFW\src\linux_joystick.h">
      <Filter>vendor\GLFW\src</Filter>
    </ClInclude>
    <ClInclude Include="vendor\GLFW\src\mappings.h">
      <Filter>vendor\GLFW\src</Filter>
    </ClInclude>
    <ClInclude Include="vendor\GLFW\src\nsgl_context.h">
      <Filter>vendor\GLFW\src</Filter>
    </ClInclude>
    <ClInclude Include="vendor\GLFW\src\null_joystick.h">
      <Filter>vendor\GLFW\src</Filter>
    </ClInclude>
    <ClInclude Include="vendor\GLFW\src\null_platform.h">
      <Filter>vendor\GLFW\src</Filter>
    </ClInclude>
    <ClInclude Include="vendor\GLFW\src\osmesa_context.h">
      <Filter>vendor\GLFW\src</Filter>
    </ClInclude>
    <ClInclude Include="vendor\GLFW\src\posix_thread.h">
      <Filter>vendor\GLFW\src</Filter>
    </ClInclude>
    <ClInclude Include="vendor\GLFW\src\posix_time.h">
      <Filter>vendor\GLFW\src</Filter>
    </ClInclude>
    <ClInclude Include="vendor\GLFW\src\wgl_context.h">
      <Filter>vendor\GLFW\src</Filter>
    </ClInclude>
    <ClInclude Include="vendor\GLFW\src\win32_joystick.h">
      <Filter>vendor\GLFW\src</Filter>
    </ClInclude>
    <ClInclude Include="vendor\GLFW\src\win32_platform.h">
      <Filter>vendor\GLFW\src</Filter>
    </ClInclude>
    <ClInclude Include="vendor\GLFW\src\wl_platform.h">
      <Filter>vendor\GLFW\src</Filter>
    </ClInclude>
    <ClInclude Include="vendor\GLFW\src\x11_platform.h">
      <Filter>vendor\GLFW\src</Filter>
    </ClInclude>
    <ClInclude Include="vendor\GLFW\src\xkb_unicode.h">
      <Filter>vendor\GLFW\src</Filter>
    </ClInclude>
    <ClInclude Include="platform\windows\PfmWindows.h">
      <Filter>platform\windows</Filter>
    </ClInclude>
    <ClInclude Include="..\common\inc\common.h">
      <Filter>common\inc</Filter>
    </ClInclude>
    <ClInclude Include="..\common\inc\Window.h">
      <Filter>common\inc</Filter>
    </ClInclude>
    <ClInclude Include="..\common\inc\wlpch.h">
      <Filter>common\inc</Filter>
    </ClInclude>
  </ItemGroup>
  <ItemGroup>
    <ClCompile Include="src\Engine.cpp">
      <Filter>src</Filter>
    </ClCompile>
    <ClCompile Include="..\common\inc\wlpch.cpp">
      <Filter>common\inc</Filter>
    </ClCompile>
  </ItemGroup>
</Project>